
Microsoft Visual Studio Solution File, Format Version 12.00
# Visual Studio Version 16
VisualStudioVersion = 16.0.31702.278
MinimumVisualStudioVersion = 10.0.40219.1
Project("{FAE04EC0-301F-11D3-BF4B-00C04F79EFBC}") = "Air BnB", "Air BnB\Air BnB.csproj", "{DB32090E-85D4-4FDC-B09C-7D8A0F90990B}"
EndProject
Global
	GlobalSection(SolutionConfigurationPlatforms) = preSolution
		Debug|Any CPU = Debug|Any CPU
		Release|Any CPU = Release|Any CPU
	EndGlobalSection
	GlobalSection(ProjectConfigurationPlatforms) = postSolution
		{DB32090E-85D4-4FDC-B09C-7D8A0F90990B}.Debug|Any CPU.ActiveCfg = Debug|Any CPU
		{DB32090E-85D4-4FDC-B09C-7D8A0F90990B}.Debug|Any CPU.Build.0 = Debug|Any CPU
		{DB32090E-85D4-4FDC-B09C-7D8A0F90990B}.Release|Any CPU.ActiveCfg = Release|Any CPU
		{DB32090E-85D4-4FDC-B09C-7D8A0F90990B}.Release|Any CPU.Build.0 = Release|Any CPU
	EndGlobalSection
	GlobalSection(SolutionProperties) = preSolution
		HideSolutionNode = FALSE
	EndGlobalSection
	GlobalSection(ExtensibilityGlobals) = postSolution
		SolutionGuid = {E21101CB-3C2E-4ED0-8D10-A74B40BE917E}
	EndGlobalSection
EndGlobal
